
Microsoft Visual Studio Solution File, Format Version 12.00
# Visual Studio Version 17
VisualStudioVersion = 17.7.34031.279
MinimumVisualStudioVersion = 10.0.40219.1
Project("{FAE04EC0-301F-11D3-BF4B-00C04F79EFBC}") = "tttester", "tttester\tttester.csproj", "{BD7AF7FA-800E-400A-A8C6-C70DE81878BA}"
EndProject
Global
	GlobalSection(SolutionConfigurationPlatforms) = preSolution
		Debug|Any CPU = Debug|Any CPU
		Release|Any CPU = Release|Any CPU
	EndGlobalSection
	GlobalSection(ProjectConfigurationPlatforms) = postSolution
		{BD7AF7FA-800E-400A-A8C6-C70DE81878BA}.Debug|Any CPU.ActiveCfg = Debug|Any CPU
		{BD7AF7FA-800E-400A-A8C6-C70DE81878BA}.Debug|Any CPU.Build.0 = Debug|Any CPU
		{BD7AF7FA-800E-400A-A8C6-C70DE81878BA}.Release|Any CPU.ActiveCfg = Release|Any CPU
		{BD7AF7FA-800E-400A-A8C6-C70DE81878BA}.Release|Any CPU.Build.0 = Release|Any CPU
	EndGlobalSection
	GlobalSection(SolutionProperties) = preSolution
		HideSolutionNode = FALSE
	EndGlobalSection
	GlobalSection(ExtensibilityGlobals) = postSolution
		SolutionGuid = {5908E7C2-20D5-4A74-B2C0-67B2EBA6F0C5}
	EndGlobalSection
EndGlobal
